
Microsoft Visual Studio Solution File, Format Version 12.00
# Visual Studio 11
Project("{FAE04EC0-301F-11D3-BF4B-00C04F79EFBC}") = "mvcAPI", "mvcAPI\mvcAPI.csproj", "{FBE8DBE7-86AD-4C21-90A9-558BFF23D067}"
EndProject
Global
	GlobalSection(SolutionConfigurationPlatforms) = preSolution
		Debug|Any CPU = Debug|Any CPU
		Release|Any CPU = Release|Any CPU
	EndGlobalSection
	GlobalSection(ProjectConfigurationPlatforms) = postSolution
		{FBE8DBE7-86AD-4C21-90A9-558BFF23D067}.Debug|Any CPU.ActiveCfg = Debug|Any CPU
		{FBE8DBE7-86AD-4C21-90A9-558BFF23D067}.Debug|Any CPU.Build.0 = Debug|Any CPU
		{FBE8DBE7-86AD-4C21-90A9-558BFF23D067}.Release|Any CPU.ActiveCfg = Release|Any CPU
		{FBE8DBE7-86AD-4C21-90A9-558BFF23D067}.Release|Any CPU.Build.0 = Release|Any CPU
	EndGlobalSection
	GlobalSection(SolutionProperties) = preSolution
		HideSolutionNode = FALSE
	EndGlobalSection
EndGlobal
